
Microsoft Visual Studio Solution File, Format Version 12.00
# Visual Studio Version 17
VisualStudioVersion = 17.4.33213.308
MinimumVisualStudioVersion = 10.0.40219.1
Project("{9A19103F-16F7-4668-BE54-9A1E7A4F7556}") = "HIOF.GamingSocial.GameInformation.Data", "HIOF.GamingSocial.GameInformation.Data\HIOF.GamingSocial.GameInformation.Data.csproj", "{F1F1F3C0-45EB-46A9-B2A4-84AA065BFA89}"
EndProject
Project("{9A19103F-16F7-4668-BE54-9A1E7A4F7556}") = "HIOF.GamingSocial.PublicProfileInformation", "HIOF.GamingSocial.PublicProfileInformation\HIOF.GamingSocial.PublicProfileInformation.csproj", "{E0294C57-5181-463F-AD4A-D3985794F540}"
EndProject
Project("{9A19103F-16F7-4668-BE54-9A1E7A4F7556}") = "HIOF.GamingSocial.GameTimePlan", "HIOF.GamingSocial.GameTimePlanner\HIOF.GamingSocial.GameTimePlan.csproj", "{951EC863-3CC9-4CF1-81AE-C546C3DBFCFF}"
EndProject
Project("{9A19103F-16F7-4668-BE54-9A1E7A4F7556}") = "HIOF.GamingSocial.GameTimePlan.Data", "HIOF.GamingSocial.GameTimePlan.Data\HIOF.GamingSocial.GameTimePlan.Data.csproj", "{45DCA867-B103-47A1-9FC6-053CA27B898F}"
EndProject
Project("{9A19103F-16F7-4668-BE54-9A1E7A4F7556}") = "HIOF.GamingSocial.GUI", "HIOF.GamingSocial.GUI\HIOF.GamingSocial.GUI.csproj", "{B8133703-21DA-4E80-8FF3-6393C9D509D9}"
EndProject
Project("{9A19103F-16F7-4668-BE54-9A1E7A4F7556}") = "HIOF.GamingSocial.BackgroundJob", "HIOF.GamingSocial.BackgroundJob\HIOF.GamingSocial.BackgroundJob.csproj", "{6BEBAA0F-3018-43E6-89F9-6CB557018209}"
EndProject
Project("{9A19103F-16F7-4668-BE54-9A1E7A4F7556}") = "HIOF.GamingSocial.Chat", "HIOF.GamingSocial.Chat\HIOF.GamingSocial.Chat.csproj", "{C5094F2D-3801-4EF3-B324-22E649E45149}"
EndProject
Project("{9A19103F-16F7-4668-BE54-9A1E7A4F7556}") = "HIOF.GamingSocial.Chat.Data", "HIOF.GamingSocial.Chat.Data\HIOF.GamingSocial.Chat.Data.csproj", "{48054375-E04E-4ED8-BF6E-2DD5EE8D021E}"
EndProject
Project("{9A19103F-16F7-4668-BE54-9A1E7A4F7556}") = "HIOF.GamingSocial.GameInformation", "HIOF.GamingSocial.GameInformation\HIOF.GamingSocial.GameInformation.csproj", "{A09B312B-787D-4AB3-8589-2F133B1BB77F}"
EndProject
Project("{9A19103F-16F7-4668-BE54-9A1E7A4F7556}") = "HIOF.GamingSocial.PublicGameInformation", "HIOF.GamingSocial.PublicGameInformation\HIOF.GamingSocial.PublicGameInformation.csproj", "{4A64DE6A-8EC7-4779-A809-F1BBE0E46FC9}"
EndProject
Project("{9A19103F-16F7-4668-BE54-9A1E7A4F7556}") = "HIOF.GamingSocial.ProfileInformation", "HIOF.GamingSocial.ProfileInformation\HIOF.GamingSocial.ProfileInformation.csproj", "{ED57EE38-70FE-45EC-BA68-66D345E8AC0F}"
EndProject
Project("{9A19103F-16F7-4668-BE54-9A1E7A4F7556}") = "HIOF.GamingSocial.ProfileInformation.Data", "HIOF.GamingSocial.ProfileInformation.Data\HIOF.GamingSocial.ProfileInformation.Data.csproj", "{065E7DCD-2494-4889-A0B1-1B0879E9FA49}"
EndProject
Global
	GlobalSection(SolutionConfigurationPlatforms) = preSolution
		Debug|Any CPU = Debug|Any CPU
		Release|Any CPU = Release|Any CPU
	EndGlobalSection
	GlobalSection(ProjectConfigurationPlatforms) = postSolution
		{F1F1F3C0-45EB-46A9-B2A4-84AA065BFA89}.Debug|Any CPU.ActiveCfg = Debug|Any CPU
		{F1F1F3C0-45EB-46A9-B2A4-84AA065BFA89}.Debug|Any CPU.Build.0 = Debug|Any CPU
		{F1F1F3C0-45EB-46A9-B2A4-84AA065BFA89}.Release|Any CPU.ActiveCfg = Release|Any CPU
		{F1F1F3C0-45EB-46A9-B2A4-84AA065BFA89}.Release|Any CPU.Build.0 = Release|Any CPU
		{E0294C57-5181-463F-AD4A-D3985794F540}.Debug|Any CPU.ActiveCfg = Debug|Any CPU
		{E0294C57-5181-463F-AD4A-D3985794F540}.Debug|Any CPU.Build.0 = Debug|Any CPU
		{E0294C57-5181-463F-AD4A-D3985794F540}.Release|Any CPU.ActiveCfg = Release|Any CPU
		{E0294C57-5181-463F-AD4A-D3985794F540}.Release|Any CPU.Build.0 = Release|Any CPU
		{951EC863-3CC9-4CF1-81AE-C546C3DBFCFF}.Debug|Any CPU.ActiveCfg = Debug|Any CPU
		{951EC863-3CC9-4CF1-81AE-C546C3DBFCFF}.Debug|Any CPU.Build.0 = Debug|Any CPU
		{951EC863-3CC9-4CF1-81AE-C546C3DBFCFF}.Release|Any CPU.ActiveCfg = Release|Any CPU
		{951EC863-3CC9-4CF1-81AE-C546C3DBFCFF}.Release|Any CPU.Build.0 = Release|Any CPU
		{45DCA867-B103-47A1-9FC6-053CA27B898F}.Debug|Any CPU.ActiveCfg = Debug|Any CPU
		{45DCA867-B103-47A1-9FC6-053CA27B898F}.Debug|Any CPU.Build.0 = Debug|Any CPU
		{45DCA867-B103-47A1-9FC6-053CA27B898F}.Release|Any CPU.ActiveCfg = Release|Any CPU
		{45DCA867-B103-47A1-9FC6-053CA27B898F}.Release|Any CPU.Build.0 = Release|Any CPU
		{B8133703-21DA-4E80-8FF3-6393C9D509D9}.Debug|Any CPU.ActiveCfg = Debug|Any CPU
		{B8133703-21DA-4E80-8FF3-6393C9D509D9}.Debug|Any CPU.Build.0 = Debug|Any CPU
		{B8133703-21DA-4E80-8FF3-6393C9D509D9}.Release|Any CPU.ActiveCfg = Release|Any CPU
		{B8133703-21DA-4E80-8FF3-6393C9D509D9}.Release|Any CPU.Build.0 = Release|Any CPU
		{6BEBAA0F-3018-43E6-89F9-6CB557018209}.Debug|Any CPU.ActiveCfg = Debug|Any CPU
		{6BEBAA0F-3018-43E6-89F9-6CB557018209}.Debug|Any CPU.Build.0 = Debug|Any CPU
		{6BEBAA0F-3018-43E6-89F9-6CB557018209}.Release|Any CPU.ActiveCfg = Release|Any CPU
		{6BEBAA0F-3018-43E6-89F9-6CB557018209}.Release|Any CPU.Build.0 = Release|Any CPU
		{C5094F2D-3801-4EF3-B324-22E649E45149}.Debug|Any CPU.ActiveCfg = Debug|Any CPU
		{C5094F2D-3801-4EF3-B324-22E649E45149}.Debug|Any CPU.Build.0 = Debug|Any CPU
		{C5094F2D-3801-4EF3-B324-22E649E45149}.Release|Any CPU.ActiveCfg = Release|Any CPU
		{C5094F2D-3801-4EF3-B324-22E649E45149}.Release|Any CPU.Build.0 = Release|Any CPU
		{48054375-E04E-4ED8-BF6E-2DD5EE8D021E}.Debug|Any CPU.ActiveCfg = Debug|Any CPU
		{48054375-E04E-4ED8-BF6E-2DD5EE8D021E}.Debug|Any CPU.Build.0 = Debug|Any CPU
		{48054375-E04E-4ED8-BF6E-2DD5EE8D021E}.Release|Any CPU.ActiveCfg = Release|Any CPU
		{48054375-E04E-4ED8-BF6E-2DD5EE8D021E}.Release|Any CPU.Build.0 = Release|Any CPU
		{A09B312B-787D-4AB3-8589-2F133B1BB77F}.Debug|Any CPU.ActiveCfg = Debug|Any CPU
		{A09B312B-787D-4AB3-8589-2F133B1BB77F}.Debug|Any CPU.Build.0 = Debug|Any CPU
		{A09B312B-787D-4AB3-8589-2F133B1BB77F}.Release|Any CPU.ActiveCfg = Release|Any CPU
		{A09B312B-787D-4AB3-8589-2F133B1BB77F}.Release|Any CPU.Build.0 = Release|Any CPU
		{4A64DE6A-8EC7-4779-A809-F1BBE0E46FC9}.Debug|Any CPU.ActiveCfg = Debug|Any CPU
		{4A64DE6A-8EC7-4779-A809-F1BBE0E46FC9}.Debug|Any CPU.Build.0 = Debug|Any CPU
		{4A64DE6A-8EC7-4779-A809-F1BBE0E46FC9}.Release|Any CPU.ActiveCfg = Release|Any CPU
		{4A64DE6A-8EC7-4779-A809-F1BBE0E46FC9}.Release|Any CPU.Build.0 = Release|Any CPU
		{ED57EE38-70FE-45EC-BA68-66D345E8AC0F}.Debug|Any CPU.ActiveCfg = Debug|Any CPU
		{ED57EE38-70FE-45EC-BA68-66D345E8AC0F}.Debug|Any CPU.Build.0 = Debug|Any CPU
		{ED57EE38-70FE-45EC-BA68-66D345E8AC0F}.Release|Any CPU.ActiveCfg = Release|Any CPU
		{ED57EE38-70FE-45EC-BA68-66D345E8AC0F}.Release|Any CPU.Build.0 = Release|Any CPU
		{065E7DCD-2494-4889-A0B1-1B0879E9FA49}.Debug|Any CPU.ActiveCfg = Debug|Any CPU
		{065E7DCD-2494-4889-A0B1-1B0879E9FA49}.Debug|Any CPU.Build.0 = Debug|Any CPU
		{065E7DCD-2494-4889-A0B1-1B0879E9FA49}.Release|Any CPU.ActiveCfg = Release|Any CPU
		{065E7DCD-2494-4889-A0B1-1B0879E9FA49}.Release|Any CPU.Build.0 = Release|Any CPU
	EndGlobalSection
	GlobalSection(SolutionProperties) = preSolution
		HideSolutionNode = FALSE
	EndGlobalSection
	GlobalSection(ExtensibilityGlobals) = postSolution
		SolutionGuid = {25E0D92C-17B7-4E3A-B149-FF30671BF30E}
	EndGlobalSection
EndGlobal
